
Microsoft Visual Studio Solution File, Format Version 12.00
# Visual Studio 15
VisualStudioVersion = 15.0.28010.2048
MinimumVisualStudioVersion = 10.0.40219.1
Project("{FAE04EC0-301F-11D3-BF4B-00C04F79EFBC}") = "myCao.Android", "myCao\myCao.Android\myCao.Android.csproj", "{8F054279-00FF-4494-BBB3-327CBFDB270F}"
EndProject
Project("{FAE04EC0-301F-11D3-BF4B-00C04F79EFBC}") = "myCao.iOS", "myCao\myCao.iOS\myCao.iOS.csproj", "{A427D13B-359A-4970-8017-197FD8D7EAC4}"
EndProject
Project("{FAE04EC0-301F-11D3-BF4B-00C04F79EFBC}") = "myCao", "myCao\myCao\myCao.csproj", "{BAA79DC2-2C06-4216-BABA-CF453164F895}"
EndProject
Global
	GlobalSection(SolutionConfigurationPlatforms) = preSolution
		Ad-Hoc|Any CPU = Ad-Hoc|Any CPU
		Ad-Hoc|iPhone = Ad-Hoc|iPhone
		Ad-Hoc|iPhoneSimulator = Ad-Hoc|iPhoneSimulator
		AppStore|Any CPU = AppStore|Any CPU
		AppStore|iPhone = AppStore|iPhone
		AppStore|iPhoneSimulator = AppStore|iPhoneSimulator
		Debug|Any CPU = Debug|Any CPU
		Debug|iPhone = Debug|iPhone
		Debug|iPhoneSimulator = Debug|iPhoneSimulator
		Release|Any CPU = Release|Any CPU
		Release|iPhone = Release|iPhone
		Release|iPhoneSimulator = Release|iPhoneSimulator
	EndGlobalSection
	GlobalSection(ProjectConfigurationPlatforms) = postSolution
		{8F054279-00FF-4494-BBB3-327CBFDB270F}.Ad-Hoc|Any CPU.ActiveCfg = Release|Any CPU
		{8F054279-00FF-4494-BBB3-327CBFDB270F}.Ad-Hoc|Any CPU.Build.0 = Release|Any CPU
		{8F054279-00FF-4494-BBB3-327CBFDB270F}.Ad-Hoc|Any CPU.Deploy.0 = Release|Any CPU
		{8F054279-00FF-4494-BBB3-327CBFDB270F}.Ad-Hoc|iPhone.ActiveCfg = Release|Any CPU
		{8F054279-00FF-4494-BBB3-327CBFDB270F}.Ad-Hoc|iPhone.Build.0 = Release|Any CPU
		{8F054279-00FF-4494-BBB3-327CBFDB270F}.Ad-Hoc|iPhone.Deploy.0 = Release|Any CPU
		{8F054279-00FF-4494-BBB3-327CBFDB270F}.Ad-Hoc|iPhoneSimulator.ActiveCfg = Release|Any CPU
		{8F054279-00FF-4494-BBB3-327CBFDB270F}.Ad-Hoc|iPhoneSimulator.Build.0 = Release|Any CPU
		{8F054279-00FF-4494-BBB3-327CBFDB270F}.Ad-Hoc|iPhoneSimulator.Deploy.0 = Release|Any CPU
		{8F054279-00FF-4494-BBB3-327CBFDB270F}.AppStore|Any CPU.ActiveCfg = Release|Any CPU
		{8F054279-00FF-4494-BBB3-327CBFDB270F}.AppStore|Any CPU.Build.0 = Release|Any CPU
		{8F054279-00FF-4494-BBB3-327CBFDB270F}.AppStore|Any CPU.Deploy.0 = Release|Any CPU
		{8F054279-00FF-4494-BBB3-327CBFDB270F}.AppStore|iPhone.ActiveCfg = Release|Any CPU
		{8F054279-00FF-4494-BBB3-327CBFDB270F}.AppStore|iPhone.Build.0 = Release|Any CPU
		{8F054279-00FF-4494-BBB3-327CBFDB270F}.AppStore|iPhone.Deploy.0 = Release|Any CPU
		{8F054279-00FF-4494-BBB3-327CBFDB270F}.AppStore|iPhoneSimulator.ActiveCfg = Release|Any CPU
		{8F054279-00FF-4494-BBB3-327CBFDB270F}.AppStore|iPhoneSimulator.Build.0 = Release|Any CPU
		{8F054279-00FF-4494-BBB3-327CBFDB270F}.AppStore|iPhoneSimulator.Deploy.0 = Release|Any CPU
		{8F054279-00FF-4494-BBB3-327CBFDB270F}.Debug|Any CPU.ActiveCfg = Debug|Any CPU
		{8F054279-00FF-4494-BBB3-327CBFDB270F}.Debug|Any CPU.Build.0 = Debug|Any CPU
		{8F054279-00FF-4494-BBB3-327CBFDB270F}.Debug|Any CPU.Deploy.0 = Debug|Any CPU
		{8F054279-00FF-4494-BBB3-327CBFDB270F}.Debug|iPhone.ActiveCfg = Debug|Any CPU
		{8F054279-00FF-4494-BBB3-327CBFDB270F}.Debug|iPhone.Build.0 = Debug|Any CPU
		{8F054279-00FF-4494-BBB3-327CBFDB270F}.Debug|iPhone.Deploy.0 = Debug|Any CPU
		{8F054279-00FF-4494-BBB3-327CBFDB270F}.Debug|iPhoneSimulator.ActiveCfg = Debug|Any CPU
		{8F054279-00FF-4494-BBB3-327CBFDB270F}.Debug|iPhoneSimulator.Build.0 = Debug|Any CPU
		{8F054279-00FF-4494-BBB3-327CBFDB270F}.Debug|iPhoneSimulator.Deploy.0 = Debug|Any CPU
		{8F054279-00FF-4494-BBB3-327CBFDB270F}.Release|Any CPU.ActiveCfg = Release|Any CPU
		{8F054279-00FF-4494-BBB3-327CBFDB270F}.Release|Any CPU.Build.0 = Release|Any CPU
		{8F054279-00FF-4494-BBB3-327CBFDB270F}.Release|Any CPU.Deploy.0 = Release|Any CPU
		{8F054279-00FF-4494-BBB3-327CBFDB270F}.Release|iPhone.ActiveCfg = Release|Any CPU
		{8F054279-00FF-4494-BBB3-327CBFDB270F}.Release|iPhone.Build.0 = Release|Any CPU
		{8F054279-00FF-4494-BBB3-327CBFDB270F}.Release|iPhone.Deploy.0 = Release|Any CPU
		{8F054279-00FF-4494-BBB3-327CBFDB270F}.Release|iPhoneSimulator.ActiveCfg = Release|Any CPU
		{8F054279-00FF-4494-BBB3-327CBFDB270F}.Release|iPhoneSimulator.Build.0 = Release|Any CPU
		{8F054279-00FF-4494-BBB3-327CBFDB270F}.Release|iPhoneSimulator.Deploy.0 = Release|Any CPU
		{A427D13B-359A-4970-8017-197FD8D7EAC4}.Ad-Hoc|Any CPU.ActiveCfg = Ad-Hoc|iPhone
		{A427D13B-359A-4970-8017-197FD8D7EAC4}.Ad-Hoc|Any CPU.Build.0 = Ad-Hoc|iPhone
		{A427D13B-359A-4970-8017-197FD8D7EAC4}.Ad-Hoc|Any CPU.Deploy.0 = Ad-Hoc|iPhone
		{A427D13B-359A-4970-8017-197FD8D7EAC4}.Ad-Hoc|iPhone.ActiveCfg = Ad-Hoc|iPhone
		{A427D13B-359A-4970-8017-197FD8D7EAC4}.Ad-Hoc|iPhone.Build.0 = Ad-Hoc|iPhone
		{A427D13B-359A-4970-8017-197FD8D7EAC4}.Ad-Hoc|iPhone.Deploy.0 = Ad-Hoc|iPhone
		{A427D13B-359A-4970-8017-197FD8D7EAC4}.Ad-Hoc|iPhoneSimulator.ActiveCfg = Ad-Hoc|iPhoneSimulator
		{A427D13B-359A-4970-8017-197FD8D7EAC4}.Ad-Hoc|iPhoneSimulator.Build.0 = Ad-Hoc|iPhoneSimulator
		{A427D13B-359A-4970-8017-197FD8D7EAC4}.Ad-Hoc|iPhoneSimulator.Deploy.0 = Ad-Hoc|iPhoneSimulator
		{A427D13B-359A-4970-8017-197FD8D7EAC4}.AppStore|Any CPU.ActiveCfg = AppStore|iPhone
		{A427D13B-359A-4970-8017-197FD8D7EAC4}.AppStore|Any CPU.Build.0 = AppStore|iPhone
		{A427D13B-359A-4970-8017-197FD8D7EAC4}.AppStore|Any CPU.Deploy.0 = AppStore|iPhone
		{A427D13B-359A-4970-8017-197FD8D7EAC4}.AppStore|iPhone.ActiveCfg = AppStore|iPhone
		{A427D13B-359A-4970-8017-197FD8D7EAC4}.AppStore|iPhone.Build.0 = AppStore|iPhone
		{A427D13B-359A-4970-8017-197FD8D7EAC4}.AppStore|iPhone.Deploy.0 = AppStore|iPhone
		{A427D13B-359A-4970-8017-197FD8D7EAC4}.AppStore|iPhoneSimulator.ActiveCfg = AppStore|iPhoneSimulator
		{A427D13B-359A-4970-8017-197FD8D7EAC4}.AppStore|iPhoneSimulator.Build.0 = AppStore|iPhoneSimulator
		{A427D13B-359A-4970-8017-197FD8D7EAC4}.AppStore|iPhoneSimulator.Deploy.0 = AppStore|iPhoneSimulator
		{A427D13B-359A-4970-8017-197FD8D7EAC4}.Debug|Any CPU.ActiveCfg = Debug|iPhoneSimulator
		{A427D13B-359A-4970-8017-197FD8D7EAC4}.Debug|Any CPU.Build.0 = Debug|iPhoneSimulator
		{A427D13B-359A-4970-8017-197FD8D7EAC4}.Debug|Any CPU.Deploy.0 = Debug|iPhoneSimulator
		{A427D13B-359A-4970-8017-197FD8D7EAC4}.Debug|iPhone.ActiveCfg = Debug|iPhone
		{A427D13B-359A-4970-8017-197FD8D7EAC4}.Debug|iPhone.Build.0 = Debug|iPhone
		{A427D13B-359A-4970-8017-197FD8D7EAC4}.Debug|iPhone.Deploy.0 = Debug|iPhone
		{A427D13B-359A-4970-8017-197FD8D7EAC4}.Debug|iPhoneSimulator.ActiveCfg = Debug|iPhoneSimulator
		{A427D13B-359A-4970-8017-197FD8D7EAC4}.Debug|iPhoneSimulator.Build.0 = Debug|iPhoneSimulator
		{A427D13B-359A-4970-8017-197FD8D7EAC4}.Debug|iPhoneSimulator.Deploy.0 = Debug|iPhoneSimulator
		{A427D13B-359A-4970-8017-197FD8D7EAC4}.Release|Any CPU.ActiveCfg = Release|iPhone
		{A427D13B-359A-4970-8017-197FD8D7EAC4}.Release|Any CPU.Build.0 = Release|iPhone
		{A427D13B-359A-4970-8017-197FD8D7EAC4}.Release|Any CPU.Deploy.0 = Release|iPhone
		{A427D13B-359A-4970-8017-197FD8D7EAC4}.Release|iPhone.ActiveCfg = Release|iPhone
		{A427D13B-359A-4970-8017-197FD8D7EAC4}.Release|iPhone.Build.0 = Release|iPhone
		{A427D13B-359A-4970-8017-197FD8D7EAC4}.Release|iPhone.Deploy.0 = Release|iPhone
		{A427D13B-359A-4970-8017-197FD8D7EAC4}.Release|iPhoneSimulator.ActiveCfg = Release|iPhoneSimulator
		{A427D13B-359A-4970-8017-197FD8D7EAC4}.Release|iPhoneSimulator.Build.0 = Release|iPhoneSimulator
		{A427D13B-359A-4970-8017-197FD8D7EAC4}.Release|iPhoneSimulator.Deploy.0 = Release|iPhoneSimulator
		{BAA79DC2-2C06-4216-BABA-CF453164F895}.Ad-Hoc|Any CPU.ActiveCfg = Debug|Any CPU
		{BAA79DC2-2C06-4216-BABA-CF453164F895}.Ad-Hoc|Any CPU.Build.0 = Debug|Any CPU
		{BAA79DC2-2C06-4216-BABA-CF453164F895}.Ad-Hoc|Any CPU.Deploy.0 = Debug|Any CPU
		{BAA79DC2-2C06-4216-BABA-CF453164F895}.Ad-Hoc|iPhone.ActiveCfg = Debug|Any CPU
		{BAA79DC2-2C06-4216-BABA-CF453164F895}.Ad-Hoc|iPhone.Build.0 = Debug|Any CPU
		{BAA79DC2-2C06-4216-BABA-CF453164F895}.Ad-Hoc|iPhone.Deploy.0 = Debug|Any CPU
		{BAA79DC2-2C06-4216-BABA-CF453164F895}.Ad-Hoc|iPhoneSimulator.ActiveCfg = Debug|Any CPU
		{BAA79DC2-2C06-4216-BABA-CF453164F895}.Ad-Hoc|iPhoneSimulator.Build.0 = Debug|Any CPU
		{BAA79DC2-2C06-4216-BABA-CF453164F895}.Ad-Hoc|iPhoneSimulator.Deploy.0 = Debug|Any CPU
		{BAA79DC2-2C06-4216-BABA-CF453164F895}.AppStore|Any CPU.ActiveCfg = Debug|Any CPU
		{BAA79DC2-2C06-4216-BABA-CF453164F895}.AppStore|Any CPU.Build.0 = Debug|Any CPU
		{BAA79DC2-2C06-4216-BABA-CF453164F895}.AppStore|Any CPU.Deploy.0 = Debug|Any CPU
		{BAA79DC2-2C06-4216-BABA-CF453164F895}.AppStore|iPhone.ActiveCfg = Debug|Any CPU
		{BAA79DC2-2C06-4216-BABA-CF453164F895}.AppStore|iPhone.Build.0 = Debug|Any CPU
		{BAA79DC2-2C06-4216-BABA-CF453164F895}.AppStore|iPhone.Deploy.0 = Debug|Any CPU
		{BAA79DC2-2C06-4216-BABA-CF453164F895}.AppStore|iPhoneSimulator.ActiveCfg = Debug|Any CPU
		{BAA79DC2-2C06-4216-BABA-CF453164F895}.AppStore|iPhoneSimulator.Build.0 = Debug|Any CPU
		{BAA79DC2-2C06-4216-BABA-CF453164F895}.AppStore|iPhoneSimulator.Deploy.0 = Debug|Any CPU
		{BAA79DC2-2C06-4216-BABA-CF453164F895}.Debug|Any CPU.ActiveCfg = Debug|Any CPU
		{BAA79DC2-2C06-4216-BABA-CF453164F895}.Debug|Any CPU.Build.0 = Debug|Any CPU
		{BAA79DC2-2C06-4216-BABA-CF453164F895}.Debug|Any CPU.Deploy.0 = Debug|Any CPU
		{BAA79DC2-2C06-4216-BABA-CF453164F895}.Debug|iPhone.ActiveCfg = Debug|Any CPU
		{BAA79DC2-2C06-4216-BABA-CF453164F895}.Debug|iPhone.Build.0 = Debug|Any CPU
		{BAA79DC2-2C06-4216-BABA-CF453164F895}.Debug|iPhone.Deploy.0 = Debug|Any CPU
		{BAA79DC2-2C06-4216-BABA-CF453164F895}.Debug|iPhoneSimulator.ActiveCfg = Debug|Any CPU
		{BAA79DC2-2C06-4216-BABA-CF453164F895}.Debug|iPhoneSimulator.Build.0 = Debug|Any CPU
		{BAA79DC2-2C06-4216-BABA-CF453164F895}.Debug|iPhoneSimulator.Deploy.0 = Debug|Any CPU
		{BAA79DC2-2C06-4216-BABA-CF453164F895}.Release|Any CPU.ActiveCfg = Release|Any CPU
		{BAA79DC2-2C06-4216-BABA-CF453164F895}.Release|Any CPU.Build.0 = Release|Any CPU
		{BAA79DC2-2C06-4216-BABA-CF453164F895}.Release|Any CPU.Deploy.0 = Release|Any CPU
		{BAA79DC2-2C06-4216-BABA-CF453164F895}.Release|iPhone.ActiveCfg = Release|Any CPU
		{BAA79DC2-2C06-4216-BABA-CF453164F895}.Release|iPhone.Build.0 = Release|Any CPU
		{BAA79DC2-2C06-4216-BABA-CF453164F895}.Release|iPhone.Deploy.0 = Release|Any CPU
		{BAA79DC2-2C06-4216-BABA-CF453164F895}.Release|iPhoneSimulator.ActiveCfg = Release|Any CPU
		{BAA79DC2-2C06-4216-BABA-CF453164F895}.Release|iPhoneSimulator.Build.0 = Release|Any CPU
		{BAA79DC2-2C06-4216-BABA-CF453164F895}.Release|iPhoneSimulator.Deploy.0 = Release|Any CPU
	EndGlobalSection
	GlobalSection(SolutionProperties) = preSolution
		HideSolutionNode = FALSE
	EndGlobalSection
	GlobalSection(ExtensibilityGlobals) = postSolution
		SolutionGuid = {5BB7777C-2305-4EB2-A9C8-EFB25D2AB301}
	EndGlobalSection
EndGlobal
